PODS:
  - AFNetworking (3.1.0):
    - AFNetworking/NSURLSession (= 3.1.0)
    - AFNetworking/Reachability (= 3.1.0)
    - AFNetworking/Security (= 3.1.0)
    - AFNetworking/Serialization (= 3.1.0)
    - AFNetworking/UIKit (= 3.1.0)
  - AFNetworking/NSURLSession (3.1.0):
    - AFNetworking/Reachability
    - AFNetworking/Security
    - AFNetworking/Serialization
  - AFNetworking/Reachability (3.1.0)
  - AFNetworking/Security (3.1.0)
  - AFNetworking/Serialization (3.1.0)
  - AFNetworking/UIKit (3.1.0):
    - AFNetworking/NSURLSession
  - BBBadgeBarButtonItem (1.2)
  - MBProgressHUD (1.0.0)
  - PBJVideoPlayer (0.3.2)
  - PBJVision (0.4.2)
  - UzysAssetsPickerController (0.9.9)
  - Vertigo (0.1)

DEPENDENCIES:
  - AFNetworking (~> 3.1)
  - BBBadgeBarButtonItem
  - MBProgressHUD (~> 1.0)
  - PBJVideoPlayer
  - PBJVision
  - UzysAssetsPickerController
  - Vertigo

SPEC CHECKSUMS:
  AFNetworking: 5e0e199f73d8626b11e79750991f5d173d1f8b67
  BBBadgeBarButtonItem: c2fbca0bff18e21b70defc9438a8a5048008e7ca
  MBProgressHUD: 4890f671c94e8a0f3cf959aa731e9de2f036d71a
  PBJVideoPlayer: b2f79c2139e4a74711bc900dd879cee4e7ccfef6
  PBJVision: fe43c9a58bb1c1277d16fd802fa836d25e034a45
  UzysAssetsPickerController: 47c27bd96955467925f3d4d80b1e2e8aaeff766d
  Vertigo: b971aa21e904512cfe387196ccba37df3f9a792e

PODFILE CHECKSUM: 4f40811afd426178e6f284747d5af5eeb506cb20

COCOAPODS: 1.0.0
